
Microsoft Visual Studio Solution File, Format Version 12.00
# Visual Studio 15
VisualStudioVersion = 15.0.27703.2042
MinimumVisualStudioVersion = 10.0.40219.1
Project("{FAE04EC0-301F-11D3-BF4B-00C04F79EFBC}") = "YnABMC", "YnABMC\YnABMC.csproj", "{0E51C80A-201F-41B9-A060-312248C4644B}"
EndProject
Global
	GlobalSection(SolutionConfigurationPlatforms) = preSolution
		Debug|Any CPU = Debug|Any CPU
		Release|Any CPU = Release|Any CPU
	EndGlobalSection
	GlobalSection(ProjectConfigurationPlatforms) = postSolution
		{0E51C80A-201F-41B9-A060-312248C4644B}.Debug|Any CPU.ActiveCfg = Debug|Any CPU
		{0E51C80A-201F-41B9-A060-312248C4644B}.Debug|Any CPU.Build.0 = Debug|Any CPU
		{0E51C80A-201F-41B9-A060-312248C4644B}.Release|Any CPU.ActiveCfg = Release|Any CPU
		{0E51C80A-201F-41B9-A060-312248C4644B}.Release|Any CPU.Build.0 = Release|Any CPU
	EndGlobalSection
	GlobalSection(SolutionProperties) = preSolution
		HideSolutionNode = FALSE
	EndGlobalSection
	GlobalSection(ExtensibilityGlobals) = postSolution
		SolutionGuid = {AA02CB87-1488-4A13-9735-315B2FC3F7C4}
	EndGlobalSection
EndGlobal
